
Microsoft Visual Studio Solution File, Format Version 12.00
# Visual Studio 2012
Project("{888888A0-9F3D-457C-B088-3A5042F75D52}") = "sandbox", "sandbox.pyproj", "{1637D030-C6D2-4D16-9C7E-D03C4E51CB62}"
EndProject
Project("{888888A0-9F3D-457C-B088-3A5042F75D52}") = "numbaPro", "numbsPro\numbaPro.pyproj", "{761C461E-85B1-42A6-8C14-6C82A609EA52}"
EndProject
Global
	GlobalSection(SolutionConfigurationPlatforms) = preSolution
		Debug|Any CPU = Debug|Any CPU
		Release|Any CPU = Release|Any CPU
	EndGlobalSection
	GlobalSection(ProjectConfigurationPlatforms) = postSolution
		{1637D030-C6D2-4D16-9C7E-D03C4E51CB62}.Debug|Any CPU.ActiveCfg = Debug|Any CPU
		{1637D030-C6D2-4D16-9C7E-D03C4E51CB62}.Debug|Any CPU.Build.0 = Debug|Any CPU
		{1637D030-C6D2-4D16-9C7E-D03C4E51CB62}.Release|Any CPU.ActiveCfg = Release|Any CPU
		{1637D030-C6D2-4D16-9C7E-D03C4E51CB62}.Release|Any CPU.Build.0 = Release|Any CPU
		{761C461E-85B1-42A6-8C14-6C82A609EA52}.Debug|Any CPU.ActiveCfg = Debug|Any CPU
		{761C461E-85B1-42A6-8C14-6C82A609EA52}.Debug|Any CPU.Build.0 = Debug|Any CPU
		{761C461E-85B1-42A6-8C14-6C82A609EA52}.Release|Any CPU.ActiveCfg = Release|Any CPU
		{761C461E-85B1-42A6-8C14-6C82A609EA52}.Release|Any CPU.Build.0 = Release|Any CPU
	EndGlobalSection
	GlobalSection(SolutionProperties) = preSolution
		HideSolutionNode = FALSE
	EndGlobalSection
EndGlobal
